
Microsoft Visual Studio Solution File, Format Version 12.00
# Visual Studio Version 17
VisualStudioVersion = 17.9.34728.123
MinimumVisualStudioVersion = 10.0.40219.1
Project("{8BC9CEB8-8B4A-11D0-8D11-00A0C91BC942}") = "Coordinates of a Point", "Coordinates of a Point\Coordinates of a Point.vcxproj", "{647367CB-94BB-445F-A23A-92D88452EFAD}"
EndProject
Global
	GlobalSection(SolutionConfigurationPlatforms) = preSolution
		Debug|x64 = Debug|x64
		Debug|x86 = Debug|x86
		Release|x64 = Release|x64
		Release|x86 = Release|x86
	EndGlobalSection
	GlobalSection(ProjectConfigurationPlatforms) = postSolution
		{647367CB-94BB-445F-A23A-92D88452EFAD}.Debug|x64.ActiveCfg = Debug|x64
		{647367CB-94BB-445F-A23A-92D88452EFAD}.Debug|x64.Build.0 = Debug|x64
		{647367CB-94BB-445F-A23A-92D88452EFAD}.Debug|x86.ActiveCfg = Debug|Win32
		{647367CB-94BB-445F-A23A-92D88452EFAD}.Debug|x86.Build.0 = Debug|Win32
		{647367CB-94BB-445F-A23A-92D88452EFAD}.Release|x64.ActiveCfg = Release|x64
		{647367CB-94BB-445F-A23A-92D88452EFAD}.Release|x64.Build.0 = Release|x64
		{647367CB-94BB-445F-A23A-92D88452EFAD}.Release|x86.ActiveCfg = Release|Win32
		{647367CB-94BB-445F-A23A-92D88452EFAD}.Release|x86.Build.0 = Release|Win32
	EndGlobalSection
	GlobalSection(SolutionProperties) = preSolution
		HideSolutionNode = FALSE
	EndGlobalSection
	GlobalSection(ExtensibilityGlobals) = postSolution
		SolutionGuid = {2FDFF37A-0EE9-4709-8FCA-4B6B4E82BC24}
	EndGlobalSection
EndGlobal
